
Microsoft Visual Studio Solution File, Format Version 12.00
# Visual Studio Version 17
VisualStudioVersion = 17.14.36623.8
MinimumVisualStudioVersion = 10.0.40219.1
Project("{2150E333-8FDC-42A3-9474-1A3956D46DE8}") = "Task0", "Task0", "{02EA681E-C7D8-13C7-8484-4AC65E1B71E8}"
EndProject
Project("{FAE04EC0-301F-11D3-BF4B-00C04F79EFBC}") = "Tyuiu.VashumirskayaEV.Sprint5.Task0.V8", "Tyuiu.VashumirskayaEV.Sprint5.Task0.V8\Tyuiu.VashumirskayaEV.Sprint5.Task0.V8.csproj", "{FBB5DF81-A484-47DC-A7D2-25D47B86A554}"
EndProject
Project("{FAE04EC0-301F-11D3-BF4B-00C04F79EFBC}") = "Tyuiu.VashumirskayaEV.Sprint5.Task0.V8.Lib", "Tyuiu.VashumirskayaEV.Sprint5.Task0.V8.Lib\Tyuiu.VashumirskayaEV.Sprint5.Task0.V8.Lib.csproj", "{E2A3E083-8A8D-4828-9F2F-30E4BF7ED888}"
EndProject
Project("{FAE04EC0-301F-11D3-BF4B-00C04F79EFBC}") = "Tyuiu.VashumirskayaEV.Sprint5.Task0.V8.Test", "Tyuiu.VashumirskayaEV.Sprint5.Task0.V8.Test\Tyuiu.VashumirskayaEV.Sprint5.Task0.V8.Test.csproj", "{B80D219A-619E-4B0B-8366-93FADB0078D9}"
EndProject
Project("{2150E333-8FDC-42A3-9474-1A3956D46DE8}") = "Task1", "Task1", "{E7D530CF-FA02-4E1E-ACFD-34CD71B45021}"
EndProject
Project("{FAE04EC0-301F-11D3-BF4B-00C04F79EFBC}") = "Tyuiu.VashumirskayaEV.Sprint5.Task1.V27", "Tyuiu.VashumirskayaEV.Sprint5.Task1.V27\Tyuiu.VashumirskayaEV.Sprint5.Task1.V27.csproj", "{27E57698-A52E-4511-B3CC-E53A4CC280BE}"
EndProject
Project("{FAE04EC0-301F-11D3-BF4B-00C04F79EFBC}") = "Tyuiu.VashumirskayaEV.Sprint5.Task1.V27.Lib", "Tyuiu.VashumirskayaEV.Sprint5.Task1.V27.Lib\Tyuiu.VashumirskayaEV.Sprint5.Task1.V27.Lib.csproj", "{62EEAA92-06F1-460E-9796-ADBEADE1A20E}"
EndProject
Project("{FAE04EC0-301F-11D3-BF4B-00C04F79EFBC}") = "Tyuiu.VashumirskayaEV.Sprint5.Task1.V27.Test", "Tyuiu.VashumirskayaEV.Sprint5.Task1.V27.Test\Tyuiu.VashumirskayaEV.Sprint5.Task1.V27.Test.csproj", "{552DE0B2-5A1E-4E6E-9539-54FE913FDF81}"
EndProject
Project("{2150E333-8FDC-42A3-9474-1A3956D46DE8}") = "Task2", "Task2", "{BB321B33-5567-473B-8383-A9F6649D2718}"
EndProject
Project("{FAE04EC0-301F-11D3-BF4B-00C04F79EFBC}") = "Tyuiu.VashumirskayaEV.Sprint5.Task2.V20", "Tyuiu.VashumirskayaEV.Sprint5.Task2.V20\Tyuiu.VashumirskayaEV.Sprint5.Task2.V20.csproj", "{23579B98-F787-4174-ADFB-F996D82213FC}"
EndProject
Project("{FAE04EC0-301F-11D3-BF4B-00C04F79EFBC}") = "Tyuiu.VashumirskayaEV.Sprint5.Task2.V20.Lib", "Tyuiu.VashumirskayaEV.Sprint5.Task2.V20.Lib\Tyuiu.VashumirskayaEV.Sprint5.Task2.V20.Lib.csproj", "{505DE931-CFE2-414D-8815-E05029BDA03E}"
EndProject
Project("{FAE04EC0-301F-11D3-BF4B-00C04F79EFBC}") = "Tyuiu.VashumirskayaEV.Sprint5.Task2.V20.Test", "Tyuiu.VashumirskayaEV.Sprint5.Task2.V20.Test\Tyuiu.VashumirskayaEV.Sprint5.Task2.V20.Test.csproj", "{160DB79F-D6E3-48A7-A899-3A4850B26274}"
EndProject
Project("{2150E333-8FDC-42A3-9474-1A3956D46DE8}") = "Task3", "Task3", "{7BC7E970-D2D9-4616-9A03-3E23DDB3873E}"
EndProject
Project("{FAE04EC0-301F-11D3-BF4B-00C04F79EFBC}") = "Tyuiu.VashumirskayaEV.Sprint5.Task3.V26", "Tyuiu.VashumirskayaEV.Sprint5.Task3.V26\Tyuiu.VashumirskayaEV.Sprint5.Task3.V26.csproj", "{F96E5553-CDEA-44CB-B246-066128745D89}"
EndProject
Project("{FAE04EC0-301F-11D3-BF4B-00C04F79EFBC}") = "Tyuiu.VashumirskayaEV.Sprint5.Task3.V26.Lib", "Tyuiu.VashumirskayaEV.Sprint5.Task3.V26.Lib\Tyuiu.VashumirskayaEV.Sprint5.Task3.V26.Lib.csproj", "{1019DB10-7A16-44C3-BC7F-3D847C258D69}"
EndProject
Project("{FAE04EC0-301F-11D3-BF4B-00C04F79EFBC}") = "Tyuiu.VashumirskayaEV.Sprint5.Task3.V26.Test", "Tyuiu.VashumirskayaEV.Sprint5.Task3.V26.Test\Tyuiu.VashumirskayaEV.Sprint5.Task3.V26.Test.csproj", "{C4DFAE66-8409-4279-8AED-15C7331D734B}"
EndProject
Global
	GlobalSection(SolutionConfigurationPlatforms) = preSolution
		Debug|Any CPU = Debug|Any CPU
		Release|Any CPU = Release|Any CPU
	EndGlobalSection
	GlobalSection(ProjectConfigurationPlatforms) = postSolution
		{FBB5DF81-A484-47DC-A7D2-25D47B86A554}.Debug|Any CPU.ActiveCfg = Debug|Any CPU
		{FBB5DF81-A484-47DC-A7D2-25D47B86A554}.Debug|Any CPU.Build.0 = Debug|Any CPU
		{FBB5DF81-A484-47DC-A7D2-25D47B86A554}.Release|Any CPU.ActiveCfg = Release|Any CPU
		{FBB5DF81-A484-47DC-A7D2-25D47B86A554}.Release|Any CPU.Build.0 = Release|Any CPU
		{E2A3E083-8A8D-4828-9F2F-30E4BF7ED888}.Debug|Any CPU.ActiveCfg = Debug|Any CPU
		{E2A3E083-8A8D-4828-9F2F-30E4BF7ED888}.Debug|Any CPU.Build.0 = Debug|Any CPU
		{E2A3E083-8A8D-4828-9F2F-30E4BF7ED888}.Release|Any CPU.ActiveCfg = Release|Any CPU
		{E2A3E083-8A8D-4828-9F2F-30E4BF7ED888}.Release|Any CPU.Build.0 = Release|Any CPU
		{B80D219A-619E-4B0B-8366-93FADB0078D9}.Debug|Any CPU.ActiveCfg = Debug|Any CPU
		{B80D219A-619E-4B0B-8366-93FADB0078D9}.Debug|Any CPU.Build.0 = Debug|Any CPU
		{B80D219A-619E-4B0B-8366-93FADB0078D9}.Release|Any CPU.ActiveCfg = Release|Any CPU
		{B80D219A-619E-4B0B-8366-93FADB0078D9}.Release|Any CPU.Build.0 = Release|Any CPU
		{27E57698-A52E-4511-B3CC-E53A4CC280BE}.Debug|Any CPU.ActiveCfg = Debug|Any CPU
		{27E57698-A52E-4511-B3CC-E53A4CC280BE}.Debug|Any CPU.Build.0 = Debug|Any CPU
		{27E57698-A52E-4511-B3CC-E53A4CC280BE}.Release|Any CPU.ActiveCfg = Release|Any CPU
		{27E57698-A52E-4511-B3CC-E53A4CC280BE}.Release|Any CPU.Build.0 = Release|Any CPU
		{62EEAA92-06F1-460E-9796-ADBEADE1A20E}.Debug|Any CPU.ActiveCfg = Debug|Any CPU
		{62EEAA92-06F1-460E-9796-ADBEADE1A20E}.Debug|Any CPU.Build.0 = Debug|Any CPU
		{62EEAA92-06F1-460E-9796-ADBEADE1A20E}.Release|Any CPU.ActiveCfg = Release|Any CPU
		{62EEAA92-06F1-460E-9796-ADBEADE1A20E}.Release|Any CPU.Build.0 = Release|Any CPU
		{552DE0B2-5A1E-4E6E-9539-54FE913FDF81}.Debug|Any CPU.ActiveCfg = Debug|Any CPU
		{552DE0B2-5A1E-4E6E-9539-54FE913FDF81}.Debug|Any CPU.Build.0 = Debug|Any CPU
		{552DE0B2-5A1E-4E6E-9539-54FE913FDF81}.Release|Any CPU.ActiveCfg = Release|Any CPU
		{552DE0B2-5A1E-4E6E-9539-54FE913FDF81}.Release|Any CPU.Build.0 = Release|Any CPU
		{23579B98-F787-4174-ADFB-F996D82213FC}.Debug|Any CPU.ActiveCfg = Debug|Any CPU
		{23579B98-F787-4174-ADFB-F996D82213FC}.Debug|Any CPU.Build.0 = Debug|Any CPU
		{23579B98-F787-4174-ADFB-F996D82213FC}.Release|Any CPU.ActiveCfg = Release|Any CPU
		{23579B98-F787-4174-ADFB-F996D82213FC}.Release|Any CPU.Build.0 = Release|Any CPU
		{505DE931-CFE2-414D-8815-E05029BDA03E}.Debug|Any CPU.ActiveCfg = Debug|Any CPU
		{505DE931-CFE2-414D-8815-E05029BDA03E}.Debug|Any CPU.Build.0 = Debug|Any CPU
		{505DE931-CFE2-414D-8815-E05029BDA03E}.Release|Any CPU.ActiveCfg = Release|Any CPU
		{505DE931-CFE2-414D-8815-E05029BDA03E}.Release|Any CPU.Build.0 = Release|Any CPU
		{160DB79F-D6E3-48A7-A899-3A4850B26274}.Debug|Any CPU.ActiveCfg = Debug|Any CPU
		{160DB79F-D6E3-48A7-A899-3A4850B26274}.Debug|Any CPU.Build.0 = Debug|Any CPU
		{160DB79F-D6E3-48A7-A899-3A4850B26274}.Release|Any CPU.ActiveCfg = Release|Any CPU
		{160DB79F-D6E3-48A7-A899-3A4850B26274}.Release|Any CPU.Build.0 = Release|Any CPU
		{F96E5553-CDEA-44CB-B246-066128745D89}.Debug|Any CPU.ActiveCfg = Debug|Any CPU
		{F96E5553-CDEA-44CB-B246-066128745D89}.Debug|Any CPU.Build.0 = Debug|Any CPU
		{F96E5553-CDEA-44CB-B246-066128745D89}.Release|Any CPU.ActiveCfg = Release|Any CPU
		{F96E5553-CDEA-44CB-B246-066128745D89}.Release|Any CPU.Build.0 = Release|Any CPU
		{1019DB10-7A16-44C3-BC7F-3D847C258D69}.Debug|Any CPU.ActiveCfg = Debug|Any CPU
		{1019DB10-7A16-44C3-BC7F-3D847C258D69}.Debug|Any CPU.Build.0 = Debug|Any CPU
		{1019DB10-7A16-44C3-BC7F-3D847C258D69}.Release|Any CPU.ActiveCfg = Release|Any CPU
		{1019DB10-7A16-44C3-BC7F-3D847C258D69}.Release|Any CPU.Build.0 = Release|Any CPU
		{C4DFAE66-8409-4279-8AED-15C7331D734B}.Debug|Any CPU.ActiveCfg = Debug|Any CPU
		{C4DFAE66-8409-4279-8AED-15C7331D734B}.Debug|Any CPU.Build.0 = Debug|Any CPU
		{C4DFAE66-8409-4279-8AED-15C7331D734B}.Release|Any CPU.ActiveCfg = Release|Any CPU
		{C4DFAE66-8409-4279-8AED-15C7331D734B}.Release|Any CPU.Build.0 = Release|Any CPU
	EndGlobalSection
	GlobalSection(SolutionProperties) = preSolution
		HideSolutionNode = FALSE
	EndGlobalSection
	GlobalSection(NestedProjects) = preSolution
		{FBB5DF81-A484-47DC-A7D2-25D47B86A554} = {02EA681E-C7D8-13C7-8484-4AC65E1B71E8}
		{E2A3E083-8A8D-4828-9F2F-30E4BF7ED888} = {02EA681E-C7D8-13C7-8484-4AC65E1B71E8}
		{B80D219A-619E-4B0B-8366-93FADB0078D9} = {02EA681E-C7D8-13C7-8484-4AC65E1B71E8}
		{27E57698-A52E-4511-B3CC-E53A4CC280BE} = {E7D530CF-FA02-4E1E-ACFD-34CD71B45021}
		{62EEAA92-06F1-460E-9796-ADBEADE1A20E} = {E7D530CF-FA02-4E1E-ACFD-34CD71B45021}
		{552DE0B2-5A1E-4E6E-9539-54FE913FDF81} = {E7D530CF-FA02-4E1E-ACFD-34CD71B45021}
		{23579B98-F787-4174-ADFB-F996D82213FC} = {BB321B33-5567-473B-8383-A9F6649D2718}
		{505DE931-CFE2-414D-8815-E05029BDA03E} = {BB321B33-5567-473B-8383-A9F6649D2718}
		{160DB79F-D6E3-48A7-A899-3A4850B26274} = {BB321B33-5567-473B-8383-A9F6649D2718}
		{F96E5553-CDEA-44CB-B246-066128745D89} = {7BC7E970-D2D9-4616-9A03-3E23DDB3873E}
		{1019DB10-7A16-44C3-BC7F-3D847C258D69} = {7BC7E970-D2D9-4616-9A03-3E23DDB3873E}
		{C4DFAE66-8409-4279-8AED-15C7331D734B} = {7BC7E970-D2D9-4616-9A03-3E23DDB3873E}
	EndGlobalSection
	GlobalSection(ExtensibilityGlobals) = postSolution
		SolutionGuid = {4C801DE6-A95D-4DA8-B398-2B04CE533994}
	EndGlobalSection
EndGlobal
